// !$*UTF8*$!
{
	archiveVersion = 1;
	classes = {
	};
	objectVersion = 56;
	objects = {

/* Begin PBXBuildFile section */
		2A14EAFE2A5892E300CF2E6A /* SwiftUIMVIApp.swift in Sources */ = {isa = PBXBuildFile; fileRef = 2A14EAFD2A5892E300CF2E6A /* SwiftUIMVIApp.swift */; };
		2A14EB022A5892E400CF2E6A /* Assets.xcassets in Resources */ = {isa = PBXBuildFile; fileRef = 2A14EB012A5892E400CF2E6A /* Assets.xcassets */; };
		2A14EB052A5892E400CF2E6A /* Preview Assets.xcassets in Resources */ = {isa = PBXBuildFile; fileRef = 2A14EB042A5892E400CF2E6A /* Preview Assets.xcassets */; };
		2A14EB0F2A5892E400CF2E6A /* SwiftUIMVITests.swift in Sources */ = {isa = PBXBuildFile; fileRef = 2A14EB0E2A5892E400CF2E6A /* SwiftUIMVITests.swift */; };
		2A14EB2A2A59B8CC00CF2E6A /* Service.swift in Sources */ = {isa = PBXBuildFile; fileRef = 2A14EB292A59B8CB00CF2E6A /* Service.swift */; };
		2A14EB2C2A59B92200CF2E6A /* Router.swift in Sources */ = {isa = PBXBuildFile; fileRef = 2A14EB2B2A59B92200CF2E6A /* Router.swift */; };
		2A14EB302A59B9A800CF2E6A /* IntentHandler.swift in Sources */ = {isa = PBXBuildFile; fileRef = 2A14EB2D2A59B9A800CF2E6A /* IntentHandler.swift */; };
		2A14EB312A59B9A800CF2E6A /* Model.swift in Sources */ = {isa = PBXBuildFile; fileRef = 2A14EB2E2A59B9A800CF2E6A /* Model.swift */; };
		2A14EB322A59B9A800CF2E6A /* StackFactory.swift in Sources */ = {isa = PBXBuildFile; fileRef = 2A14EB2F2A59B9A800CF2E6A /* StackFactory.swift */; };
		2A14EB362A59B9EE00CF2E6A /* View.swift in Sources */ = {isa = PBXBuildFile; fileRef = 2A14EB342A59B9EE00CF2E6A /* View.swift */; };
		2A14EB372A59B9EE00CF2E6A /* ViewState.swift in Sources */ = {isa = PBXBuildFile; fileRef = 2A14EB352A59B9EE00CF2E6A /* ViewState.swift */; };
		2A14EB392A59BA4400CF2E6A /* NavCoordinator.swift in Sources */ = {isa = PBXBuildFile; fileRef = 2A14EB382A59BA4400CF2E6A /* NavCoordinator.swift */; };
		2A14EB3D2A59BA5B00CF2E6A /* StateStore.swift in Sources */ = {isa = PBXBuildFile; fileRef = 2A14EB3B2A59BA5B00CF2E6A /* StateStore.swift */; };
/* End PBXBuildFile section */

/* Begin PBXContainerItemProxy section */
		2A14EB0B2A5892E400CF2E6A /* PBXContainerItemProxy */ = {
			isa = PBXContainerItemProxy;
			containerPortal = 2A14EAF22A5892E300CF2E6A /* Project object */;
			proxyType = 1;
			remoteGlobalIDString = 2A14EAF92A5892E300CF2E6A;
			remoteInfo = SwiftUIMVI;
		};
		2A14EB152A5892E400CF2E6A /* PBXContainerItemProxy */ = {
			isa = PBXContainerItemProxy;
			containerPortal = 2A14EAF22A5892E300CF2E6A /* Project object */;
			proxyType = 1;
			remoteGlobalIDString = 2A14EAF92A5892E300CF2E6A;
			remoteInfo = SwiftUIMVI;
		};
/* End PBXContainerItemProxy section */

/* Begin PBXFileReference section */
		2A14EAFA2A5892E300CF2E6A /* SwiftUIMVI.app */ = {isa = PBXFileReference; explicitFileType = wrapper.application; includeInIndex = 0; path = SwiftUIMVI.app; sourceTree = BUILT_PRODUCTS_DIR; };
		2A14EAFD2A5892E300CF2E6A /* SwiftUIMVIApp.swift */ = {isa = PBXFileReference; lastKnownFileType = sourcecode.swift; path = SwiftUIMVIApp.swift; sourceTree = "<group>"; };
		2A14EB012A5892E400CF2E6A /* Assets.xcassets */ = {isa = PBXFileReference; lastKnownFileType = folder.assetcatalog; path = Assets.xcassets; sourceTree = "<group>"; };
		2A14EB042A5892E400CF2E6A /* Preview Assets.xcassets */ = {isa = PBXFileReference; lastKnownFileType = folder.assetcatalog; path = "Preview Assets.xcassets"; sourceTree = "<group>"; };
		2A14EB0A2A5892E400CF2E6A /* SwiftUIMVITests.xctest */ = {isa = PBXFileReference; explicitFileType = wrapper.cfbundle; includeInIndex = 0; path = SwiftUIMVITests.xctest; sourceTree = BUILT_PRODUCTS_DIR; };
		2A14EB0E2A5892E400CF2E6A /* SwiftUIMVITests.swift */ = {isa = PBXFileReference; lastKnownFileType = sourcecode.swift; path = SwiftUIMVITests.swift; sourceTree = "<group>"; };
		2A14EB142A5892E400CF2E6A /* SwiftUIMVIUITests.xctest */ = {isa = PBXFileReference; explicitFileType = wrapper.cfbundle; includeInIndex = 0; path = SwiftUIMVIUITests.xctest; sourceTree = BUILT_PRODUCTS_DIR; };
		2A14EB292A59B8CB00CF2E6A /* Service.swift */ = {isa = PBXFileReference; fileEncoding = 4; lastKnownFileType = sourcecode.swift; path = Service.swift; sourceTree = "<group>"; };
		2A14EB2B2A59B92200CF2E6A /* Router.swift */ = {isa = PBXFileReference; fileEncoding = 4; lastKnownFileType = sourcecode.swift; path = Router.swift; sourceTree = "<group>"; };
		2A14EB2D2A59B9A800CF2E6A /* IntentHandler.swift */ = {isa = PBXFileReference; fileEncoding = 4; lastKnownFileType = sourcecode.swift; path = IntentHandler.swift; sourceTree = "<group>"; };
		2A14EB2E2A59B9A800CF2E6A /* Model.swift */ = {isa = PBXFileReference; fileEncoding = 4; lastKnownFileType = sourcecode.swift; path = Model.swift; sourceTree = "<group>"; };
		2A14EB2F2A59B9A800CF2E6A /* StackFactory.swift */ = {isa = PBXFileReference; fileEncoding = 4; lastKnownFileType = sourcecode.swift; path = StackFactory.swift; sourceTree = "<group>"; };
		2A14EB342A59B9EE00CF2E6A /* View.swift */ = {isa = PBXFileReference; fileEncoding = 4; lastKnownFileType = sourcecode.swift; path = View.swift; sourceTree = "<group>"; };
		2A14EB352A59B9EE00CF2E6A /* ViewState.swift */ = {isa = PBXFileReference; fileEncoding = 4; lastKnownFileType = sourcecode.swift; path = ViewState.swift; sourceTree = "<group>"; };
		2A14EB382A59BA4400CF2E6A /* NavCoordinator.swift */ = {isa = PBXFileReference; fileEncoding = 4; lastKnownFileType = sourcecode.swift; path = NavCoordinator.swift; sourceTree = "<group>"; };
		2A14EB3B2A59BA5B00CF2E6A /* StateStore.swift */ = {isa = PBXFileReference; fileEncoding = 4; lastKnownFileType = sourcecode.swift; path = StateStore.swift; sourceTree = "<group>"; };
/* End PBXFileReference section */

/* Begin PBXFrameworksBuildPhase section */
		2A14EAF72A5892E300CF2E6A /* Frameworks */ = {
			isa = PBXFrameworksBuildPhase;
			buildActionMask = 2147483647;
			files = (
			);
			runOnlyForDeploymentPostprocessing = 0;
		};
		2A14EB072A5892E400CF2E6A /* Frameworks */ = {
			isa = PBXFrameworksBuildPhase;
			buildActionMask = 2147483647;
			files = (
			);
			runOnlyForDeploymentPostprocessing = 0;
		};
		2A14EB112A5892E400CF2E6A /* Frameworks */ = {
			isa = PBXFrameworksBuildPhase;
			buildActionMask = 2147483647;
			files = (
			);
			runOnlyForDeploymentPostprocessing = 0;
		};
/* End PBXFrameworksBuildPhase section */

/* Begin PBXGroup section */
		2A14EAF12A5892E300CF2E6A = {
			isa = PBXGroup;
			children = (
				2A14EAFC2A5892E300CF2E6A /* SwiftUIMVI */,
				2A14EB0D2A5892E400CF2E6A /* SwiftUIMVITests */,
				2A14EAFB2A5892E300CF2E6A /* Products */,
			);
			sourceTree = "<group>";
		};
		2A14EAFB2A5892E300CF2E6A /* Products */ = {
			isa = PBXGroup;
			children = (
				2A14EAFA2A5892E300CF2E6A /* SwiftUIMVI.app */,
				2A14EB0A2A5892E400CF2E6A /* SwiftUIMVITests.xctest */,
				2A14EB142A5892E400CF2E6A /* SwiftUIMVIUITests.xctest */,
			);
			name = Products;
			sourceTree = "<group>";
		};
		2A14EAFC2A5892E300CF2E6A /* SwiftUIMVI */ = {
			isa = PBXGroup;
			children = (
				2A14EB3A2A59BA4E00CF2E6A /* StateStore */,
				2A14EB382A59BA4400CF2E6A /* NavCoordinator.swift */,
				2A14EB272A59B8A300CF2E6A /* Feature */,
				2A14EAFD2A5892E300CF2E6A /* SwiftUIMVIApp.swift */,
				2A14EB012A5892E400CF2E6A /* Assets.xcassets */,
				2A14EB032A5892E400CF2E6A /* Preview Content */,
			);
			path = SwiftUIMVI;
			sourceTree = "<group>";
		};
		2A14EB032A5892E400CF2E6A /* Preview Content */ = {
			isa = PBXGroup;
			children = (
				2A14EB042A5892E400CF2E6A /* Preview Assets.xcassets */,
			);
			path = "Preview Content";
			sourceTree = "<group>";
		};
		2A14EB0D2A5892E400CF2E6A /* SwiftUIMVITests */ = {
			isa = PBXGroup;
			children = (
				2A14EB0E2A5892E400CF2E6A /* SwiftUIMVITests.swift */,
			);
			path = SwiftUIMVITests;
			sourceTree = "<group>";
		};
		2A14EB272A59B8A300CF2E6A /* Feature */ = {
			isa = PBXGroup;
			children = (
				2A14EB332A59B9C800CF2E6A /* View */,
				2A14EB2D2A59B9A800CF2E6A /* IntentHandler.swift */,
				2A14EB2E2A59B9A800CF2E6A /* Model.swift */,
				2A14EB282A59B8B200CF2E6A /* AccessoryClasses */,
			);
			path = Feature;
			sourceTree = "<group>";
		};
		2A14EB282A59B8B200CF2E6A /* AccessoryClasses */ = {
			isa = PBXGroup;
			children = (
				2A14EB2F2A59B9A800CF2E6A /* StackFactory.swift */,
				2A14EB292A59B8CB00CF2E6A /* Service.swift */,
				2A14EB2B2A59B92200CF2E6A /* Router.swift */,
			);
			path = AccessoryClasses;
			sourceTree = "<group>";
		};
		2A14EB332A59B9C800CF2E6A /* View */ = {
			isa = PBXGroup;
			children = (
				2A14EB352A59B9EE00CF2E6A /* ViewState.swift */,
				2A14EB342A59B9EE00CF2E6A /* View.swift */,
			);
			path = View;
			sourceTree = "<group>";
		};
		2A14EB3A2A59BA4E00CF2E6A /* StateStore */ = {
			isa = PBXGroup;
			children = (
				2A14EB3B2A59BA5B00CF2E6A /* StateStore.swift */,
			);
			path = StateStore;
			sourceTree = "<group>";
		};
/* End PBXGroup section */

/* Begin PBXNativeTarget section */
		2A14EAF92A5892E300CF2E6A /* SwiftUIMVI */ = {
			isa = PBXNativeTarget;
			buildConfigurationList = 2A14EB1E2A5892E400CF2E6A /* Build configuration list for PBXNativeTarget "SwiftUIMVI" */;
			buildPhases = (
				2A14EAF62A5892E300CF2E6A /* Sources */,
				2A14EAF72A5892E300CF2E6A /* Frameworks */,
				2A14EAF82A5892E300CF2E6A /* Resources */,
			);
			buildRules = (
			);
			dependencies = (
			);
			name = SwiftUIMVI;
			productName = SwiftUIMVI;
			productReference = 2A14EAFA2A5892E300CF2E6A /* SwiftUIMVI.app */;
			productType = "com.apple.product-type.application";
		};
		2A14EB092A5892E400CF2E6A /* SwiftUIMVITests */ = {
			isa = PBXNativeTarget;
			buildConfigurationList = 2A14EB212A5892E400CF2E6A /* Build configuration list for PBXNativeTarget "SwiftUIMVITests" */;
			buildPhases = (
				2A14EB062A5892E400CF2E6A /* Sources */,
				2A14EB072A5892E400CF2E6A /* Frameworks */,
				2A14EB082A5892E400CF2E6A /* Resources */,
			);
			buildRules = (
			);
			dependencies = (
				2A14EB0C2A5892E400CF2E6A /* PBXTargetDependency */,
			);
			name = SwiftUIMVITests;
			productName = SwiftUIMVITests;
			productReference = 2A14EB0A2A5892E400CF2E6A /* SwiftUIMVITests.xctest */;
			productType = "com.apple.product-type.bundle.unit-test";
		};
		2A14EB132A5892E400CF2E6A /* SwiftUIMVIUITests */ = {
			isa = PBXNativeTarget;
			buildConfigurationList = 2A14EB242A5892E400CF2E6A /* Build configuration list for PBXNativeTarget "SwiftUIMVIUITests" */;
			buildPhases = (
				2A14EB102A5892E400CF2E6A /* Sources */,
				2A14EB112A5892E400CF2E6A /* Frameworks */,
				2A14EB122A5892E400CF2E6A /* Resources */,
			);
			buildRules = (
			);
			dependencies = (
				2A14EB162A5892E400CF2E6A /* PBXTargetDependency */,
			);
			name = SwiftUIMVIUITests;
			productName = SwiftUIMVIUITests;
			productReference = 2A14EB142A5892E400CF2E6A /* SwiftUIMVIUITests.xctest */;
			productType = "com.apple.product-type.bundle.ui-testing";
		};
/* End PBXNativeTarget section */

/* Begin PBXProject section */
		2A14EAF22A5892E300CF2E6A /* Project object */ = {
			isa = PBXProject;
			attributes = {
				BuildIndependentTargetsInParallel = 1;
				LastSwiftUpdateCheck = 1420;
				LastUpgradeCheck = 1420;
				TargetAttributes = {
					2A14EAF92A5892E300CF2E6A = {
						CreatedOnToolsVersion = 14.2;
					};
					2A14EB092A5892E400CF2E6A = {
						CreatedOnToolsVersion = 14.2;
						TestTargetID = 2A14EAF92A5892E300CF2E6A;
					};
					2A14EB132A5892E400CF2E6A = {
						CreatedOnToolsVersion = 14.2;
						TestTargetID = 2A14EAF92A5892E300CF2E6A;
					};
				};
			};
			buildConfigurationList = 2A14EAF52A5892E300CF2E6A /* Build configuration list for PBXProject "SwiftUIMVI" */;
			compatibilityVersion = "Xcode 14.0";
			developmentRegion = en;
			hasScannedForEncodings = 0;
			knownRegions = (
				en,
				Base,
			);
			mainGroup = 2A14EAF12A5892E300CF2E6A;
			productRefGroup = 2A14EAFB2A5892E300CF2E6A /* Products */;
			projectDirPath = "";
			projectRoot = "";
			targets = (
				2A14EAF92A5892E300CF2E6A /* SwiftUIMVI */,
				2A14EB092A5892E400CF2E6A /* SwiftUIMVITests */,
				2A14EB132A5892E400CF2E6A /* SwiftUIMVIUITests */,
			);
		};
/* End PBXProject section */

/* Begin PBXResourcesBuildPhase section */
		2A14EAF82A5892E300CF2E6A /* Resources */ = {
			isa = PBXResourcesBuildPhase;
			buildActionMask = 2147483647;
			files = (
				2A14EB052A5892E400CF2E6A /* Preview Assets.xcassets in Resources */,
				2A14EB022A5892E400CF2E6A /* Assets.xcassets in Resources */,
			);
			runOnlyForDeploymentPostprocessing = 0;
		};
		2A14EB082A5892E400CF2E6A /* Resources */ = {
			isa = PBXResourcesBuildPhase;
			buildActionMask = 2147483647;
			files = (
			);
			runOnlyForDeploymentPostprocessing = 0;
		};
		2A14EB122A5892E400CF2E6A /* Resources */ = {
			isa = PBXResourcesBuildPhase;
			buildActionMask = 2147483647;
			files = (
			);
			runOnlyForDeploymentPostprocessing = 0;
		};
/* End PBXResourcesBuildPhase section */

/* Begin PBXSourcesBuildPhase section */
		2A14EAF62A5892E300CF2E6A /* Sources */ = {
			isa = PBXSourcesBuildPhase;
			buildActionMask = 2147483647;
			files = (
				2A14EB362A59B9EE00CF2E6A /* View.swift in Sources */,
				2A14EB3D2A59BA5B00CF2E6A /* StateStore.swift in Sources */,
				2A14EB2C2A59B92200CF2E6A /* Router.swift in Sources */,
				2A14EB372A59B9EE00CF2E6A /* ViewState.swift in Sources */,
				2A14EB302A59B9A800CF2E6A /* IntentHandler.swift in Sources */,
				2A14EB392A59BA4400CF2E6A /* NavCoordinator.swift in Sources */,
				2A14EB2A2A59B8CC00CF2E6A /* Service.swift in Sources */,
				2A14EB312A59B9A800CF2E6A /* Model.swift in Sources */,
				2A14EAFE2A5892E300CF2E6A /* SwiftUIMVIApp.swift in Sources */,
				2A14EB322A59B9A800CF2E6A /* StackFactory.swift in Sources */,
			);
			runOnlyForDeploymentPostprocessing = 0;
		};
		2A14EB062A5892E400CF2E6A /* Sources */ = {
			isa = PBXSourcesBuildPhase;
			buildActionMask = 2147483647;
			files = (
				2A14EB0F2A5892E400CF2E6A /* SwiftUIMVITests.swift in Sources */,
			);
			runOnlyForDeploymentPostprocessing = 0;
		};
		2A14EB102A5892E400CF2E6A /* Sources */ = {
			isa = PBXSourcesBuildPhase;
			buildActionMask = 2147483647;
			files = (
			);
			runOnlyForDeploymentPostprocessing = 0;
		};
/* End PBXSourcesBuildPhase section */

/* Begin PBXTargetDependency section */
		2A14EB0C2A5892E400CF2E6A /* PBXTargetDependency */ = {
			isa = PBXTargetDependency;
			target = 2A14EAF92A5892E300CF2E6A /* SwiftUIMVI */;
			targetProxy = 2A14EB0B2A5892E400CF2E6A /* PBXContainerItemProxy */;
		};
		2A14EB162A5892E400CF2E6A /* PBXTargetDependency */ = {
			isa = PBXTargetDependency;
			target = 2A14EAF92A5892E300CF2E6A /* SwiftUIMVI */;
			targetProxy = 2A14EB152A5892E400CF2E6A /* PBXContainerItemProxy */;
		};
/* End PBXTargetDependency section */

/* Begin XCBuildConfiguration section */
		2A14EB1C2A5892E400CF2E6A /* Debug */ = {
			isa = XCBuildConfiguration;
			buildSettings = {
				ALWAYS_SEARCH_USER_PATHS = NO;
				CLANG_ANALYZER_NONNULL = YES;
				CLANG_ANALYZER_NUMBER_OBJECT_CONVERSION = YES_AGGRESSIVE;
				CLANG_CXX_LANGUAGE_STANDARD = "gnu++20";
				CLANG_ENABLE_MODULES = YES;
				CLANG_ENABLE_OBJC_ARC = YES;
				CLANG_ENABLE_OBJC_WEAK = YES;
				CLANG_WARN_BLOCK_CAPTURE_AUTORELEASING = YES;
				CLANG_WARN_BOOL_CONVERSION = YES;
				CLANG_WARN_COMMA = YES;
				CLANG_WARN_CONSTANT_CONVERSION = YES;
				CLANG_WARN_DEPRECATED_OBJC_IMPLEMENTATIONS = YES;
				CLANG_WARN_DIRECT_OBJC_ISA_USAGE = YES_ERROR;
				CLANG_WARN_DOCUMENTATION_COMMENTS = YES;
				CLANG_WARN_EMPTY_BODY = YES;
				CLANG_WARN_ENUM_CONVERSION = YES;
				CLANG_WARN_INFINITE_RECURSION = YES;
				CLANG_WARN_INT_CONVERSION = YES;
				CLANG_WARN_NON_LITERAL_NULL_CONVERSION = YES;
				CLANG_WARN_OBJC_IMPLICIT_RETAIN_SELF = YES;
				CLANG_WARN_OBJC_LITERAL_CONVERSION = YES;
				CLANG_WARN_OBJC_ROOT_CLASS = YES_ERROR;
				CLANG_WARN_QUOTED_INCLUDE_IN_FRAMEWORK_HEADER = YES;
				CLANG_WARN_RANGE_LOOP_ANALYSIS = YES;
				CLANG_WARN_STRICT_PROTOTYPES = YES;
				CLANG_WARN_SUSPICIOUS_MOVE = YES;
				CLANG_WARN_UNGUARDED_AVAILABILITY = YES_AGGRESSIVE;
				CLANG_WARN_UNREACHABLE_CODE = YES;
				CLANG_WARN__DUPLICATE_METHOD_MATCH = YES;
				COPY_PHASE_STRIP = NO;
				DEBUG_INFORMATION_FORMAT = dwarf;
				ENABLE_STRICT_OBJC_MSGSEND = YES;
				ENABLE_TESTABILITY = YES;
				GCC_C_LANGUAGE_STANDARD = gnu11;
				GCC_DYNAMIC_NO_PIC = NO;
				GCC_NO_COMMON_BLOCKS = YES;
				GCC_OPTIMIZATION_LEVEL = 0;
				GCC_PREPROCESSOR_DEFINITIONS = (
					"DEBUG=1",
					"$(inherited)",
				);
				GCC_WARN_64_TO_32_BIT_CONVERSION = YES;
				GCC_WARN_ABOUT_RETURN_TYPE = YES_ERROR;
				GCC_WARN_UNDECLARED_SELECTOR = YES;
				GCC_WARN_UNINITIALIZED_AUTOS = YES_AGGRESSIVE;
				GCC_WARN_UNUSED_FUNCTION = YES;
				GCC_WARN_UNUSED_VARIABLE = YES;
				IPHONEOS_DEPLOYMENT_TARGET = 16.2;
				MTL_ENABLE_DEBUG_INFO = INCLUDE_SOURCE;
				MTL_FAST_MATH = YES;
				ONLY_ACTIVE_ARCH = YES;
				SDKROOT = iphoneos;
				SWIFT_ACTIVE_COMPILATION_CONDITIONS = DEBUG;
				SWIFT_OPTIMIZATION_LEVEL = "-Onone";
			};
			name = Debug;
		};
		2A14EB1D2A5892E400CF2E6A /* Release */ = {
			isa = XCBuildConfiguration;
			buildSettings = {
				ALWAYS_SEARCH_USER_PATHS = NO;
				CLANG_ANALYZER_NONNULL = YES;
				CLANG_ANALYZER_NUMBER_OBJECT_CONVERSION = YES_AGGRESSIVE;
				CLANG_CXX_LANGUAGE_STANDARD = "gnu++20";
				CLANG_ENABLE_MODULES = YES;
				CLANG_ENABLE_OBJC_ARC = YES;
				CLANG_ENABLE_OBJC_WEAK = YES;
				CLANG_WARN_BLOCK_CAPTURE_AUTORELEASING = YES;
				CLANG_WARN_BOOL_CONVERSION = YES;
				CLANG_WARN_COMMA = YES;
				CLANG_WARN_CONSTANT_CONVERSION = YES;
				CLANG_WARN_DEPRECATED_OBJC_IMPLEMENTATIONS = YES;
				CLANG_WARN_DIRECT_OBJC_ISA_USAGE = YES_ERROR;
				CLANG_WARN_DOCUMENTATION_COMMENTS = YES;
				CLANG_WARN_EMPTY_BODY = YES;
				CLANG_WARN_ENUM_CONVERSION = YES;
				CLANG_WARN_INFINITE_RECURSION = YES;
				CLANG_WARN_INT_CONVERSION = YES;
				CLANG_WARN_NON_LITERAL_NULL_CONVERSION = YES;
				CLANG_WARN_OBJC_IMPLICIT_RETAIN_SELF = YES;
				CLANG_WARN_OBJC_LITERAL_CONVERSION = YES;
				CLANG_WARN_OBJC_ROOT_CLASS = YES_ERROR;
				CLANG_WARN_QUOTED_INCLUDE_IN_FRAMEWORK_HEADER = YES;
				CLANG_WARN_RANGE_LOOP_ANALYSIS = YES;
				CLANG_WARN_STRICT_PROTOTYPES = YES;
				CLANG_WARN_SUSPICIOUS_MOVE = YES;
				CLANG_WARN_UNGUARDED_AVAILABILITY = YES_AGGRESSIVE;
				CLANG_WARN_UNREACHABLE_CODE = YES;
				CLANG_WARN__DUPLICATE_METHOD_MATCH = YES;
				COPY_PHASE_STRIP = NO;
				DEBUG_INFORMATION_FORMAT = "dwarf-with-dsym";
				ENABLE_NS_ASSERTIONS = NO;
				ENABLE_STRICT_OBJC_MSGSEND = YES;
				GCC_C_LANGUAGE_STANDARD = gnu11;
				GCC_NO_COMMON_BLOCKS = YES;
				GCC_WARN_64_TO_32_BIT_CONVERSION = YES;
				GCC_WARN_ABOUT_RETURN_TYPE = YES_ERROR;
				GCC_WARN_UNDECLARED_SELECTOR = YES;
				GCC_WARN_UNINITIALIZED_AUTOS = YES_AGGRESSIVE;
				GCC_WARN_UNUSED_FUNCTION = YES;
				GCC_WARN_UNUSED_VARIABLE = YES;
				IPHONEOS_DEPLOYMENT_TARGET = 16.2;
				MTL_ENABLE_DEBUG_INFO = NO;
				MTL_FAST_MATH = YES;
				SDKROOT = iphoneos;
				SWIFT_COMPILATION_MODE = wholemodule;
				SWIFT_OPTIMIZATION_LEVEL = "-O";
				VALIDATE_PRODUCT = YES;
			};
			name = Release;
		};
		2A14EB1F2A5892E400CF2E6A /* Debug */ = {
			isa = XCBuildConfiguration;
			buildSettings = {
				ASSETCATALOG_COMPILER_APPICON_NAME = AppIcon;
				ASSETCATALOG_COMPILER_GLOBAL_ACCENT_COLOR_NAME = AccentColor;
				CODE_SIGN_STYLE = Automatic;
				CURRENT_PROJECT_VERSION = 1;
				DEVELOPMENT_ASSET_PATHS = "\"SwiftUIMVI/Preview Content\"";
				DEVELOPMENT_TEAM = DY95X747ZU;
				ENABLE_PREVIEWS = YES;
				GENERATE_INFOPLIST_FILE = YES;
				INFOPLIST_KEY_UIApplicationSceneManifest_Generation = YES;
				INFOPLIST_KEY_UIApplicationSupportsIndirectInputEvents = YES;
				INFOPLIST_KEY_UILaunchScreen_Generation = YES;
				INFOPLIST_KEY_UISupportedInterfaceOrientations_iPad = "UIInterfaceOrientationPortrait UIInterfaceOrientationPortraitUpsideDown UIInterfaceOrientationLandscapeLeft UIInterfaceOrientationLandscapeRight";
				INFOPLIST_KEY_UISupportedInterfaceOrientations_iPhone = "UIInterfaceOrientationPortrait UIInterfaceOrientationLandscapeLeft UIInterfaceOrientationLandscapeRight";
				LD_RUNPATH_SEARCH_PATHS = (
					"$(inherited)",
					"@executable_path/Frameworks",
				);
				MARKETING_VERSION = 1.0;
				PRODUCT_BUNDLE_IDENTIFIER = com.alessandromanni.SwiftUIMVI;
				PRODUCT_NAME = "$(TARGET_NAME)";
				SWIFT_EMIT_LOC_STRINGS = YES;
				SWIFT_VERSION = 5.0;
				TARGETED_DEVICE_FAMILY = "1,2";
			};
			name = Debug;
		};
		2A14EB202A5892E400CF2E6A /* Release */ = {
			isa = XCBuildConfiguration;
			buildSettings = {
				ASSETCATALOG_COMPILER_APPICON_NAME = AppIcon;
				ASSETCATALOG_COMPILER_GLOBAL_ACCENT_COLOR_NAME = AccentColor;
				CODE_SIGN_STYLE = Automatic;
				CURRENT_PROJECT_VERSION = 1;
				DEVELOPMENT_ASSET_PATHS = "\"SwiftUIMVI/Preview Content\"";
				DEVELOPMENT_TEAM = DY95X747ZU;
				ENABLE_PREVIEWS = YES;
				GENERATE_INFOPLIST_FILE = YES;
				INFOPLIST_KEY_UIApplicationSceneManifest_Generation = YES;
				INFOPLIST_KEY_UIApplicationSupportsIndirectInputEvents = YES;
				INFOPLIST_KEY_UILaunchScreen_Generation = YES;
				INFOPLIST_KEY_UISupportedInterfaceOrientations_iPad = "UIInterfaceOrientationPortrait UIInterfaceOrientationPortraitUpsideDown UIInterfaceOrientationLandscapeLeft UIInterfaceOrientationLandscapeRight";
				INFOPLIST_KEY_UISupportedInterfaceOrientations_iPhone = "UIInterfaceOrientationPortrait UIInterfaceOrientationLandscapeLeft UIInterfaceOrientationLandscapeRight";
				LD_RUNPATH_SEARCH_PATHS = (
					"$(inherited)",
					"@executable_path/Frameworks",
				);
				MARKETING_VERSION = 1.0;
				PRODUCT_BUNDLE_IDENTIFIER = com.alessandromanni.SwiftUIMVI;
				PRODUCT_NAME = "$(TARGET_NAME)";
				SWIFT_EMIT_LOC_STRINGS = YES;
				SWIFT_VERSION = 5.0;
				TARGETED_DEVICE_FAMILY = "1,2";
			};
			name = Release;
		};
		2A14EB222A5892E400CF2E6A /* Debug */ = {
			isa = XCBuildConfiguration;
			buildSettings = {
				ALWAYS_EMBED_SWIFT_STANDARD_LIBRARIES = YES;
				BUNDLE_LOADER = "$(TEST_HOST)";
				CODE_SIGN_STYLE = Automatic;
				CURRENT_PROJECT_VERSION = 1;
				DEVELOPMENT_TEAM = DY95X747ZU;
				GENERATE_INFOPLIST_FILE = YES;
				IPHONEOS_DEPLOYMENT_TARGET = 16.2;
				MARKETING_VERSION = 1.0;
				PRODUCT_BUNDLE_IDENTIFIER = com.alessandromanni.SwiftUIMVITests;
				PRODUCT_NAME = "$(TARGET_NAME)";
				SWIFT_EMIT_LOC_STRINGS = NO;
				SWIFT_VERSION = 5.0;
				TARGETED_DEVICE_FAMILY = "1,2";
				TEST_HOST = "$(BUILT_PRODUCTS_DIR)/SwiftUIMVI.app/$(BUNDLE_EXECUTABLE_FOLDER_PATH)/SwiftUIMVI";
			};
			name = Debug;
		};
		2A14EB232A5892E400CF2E6A /* Release */ = {
			isa = XCBuildConfiguration;
			buildSettings = {
				ALWAYS_EMBED_SWIFT_STANDARD_LIBRARIES = YES;
				BUNDLE_LOADER = "$(TEST_HOST)";
				CODE_SIGN_STYLE = Automatic;
				CURRENT_PROJECT_VERSION = 1;
				DEVELOPMENT_TEAM = DY95X747ZU;
				GENERATE_INFOPLIST_FILE = YES;
				IPHONEOS_DEPLOYMENT_TARGET = 16.2;
				MARKETING_VERSION = 1.0;
				PRODUCT_BUNDLE_IDENTIFIER = com.alessandromanni.SwiftUIMVITests;
				PRODUCT_NAME = "$(TARGET_NAME)";
				SWIFT_EMIT_LOC_STRINGS = NO;
				SWIFT_VERSION = 5.0;
				TARGETED_DEVICE_FAMILY = "1,2";
				TEST_HOST = "$(BUILT_PRODUCTS_DIR)/SwiftUIMVI.app/$(BUNDLE_EXECUTABLE_FOLDER_PATH)/SwiftUIMVI";
			};
			name = Release;
		};
		2A14EB252A5892E400CF2E6A /* Debug */ = {
			isa = XCBuildConfiguration;
			buildSettings = {
				ALWAYS_EMBED_SWIFT_STANDARD_LIBRARIES = YES;
				CODE_SIGN_STYLE = Automatic;
				CURRENT_PROJECT_VERSION = 1;
				DEVELOPMENT_TEAM = DY95X747ZU;
				GENERATE_INFOPLIST_FILE = YES;
				MARKETING_VERSION = 1.0;
				PRODUCT_BUNDLE_IDENTIFIER = com.alessandromanni.SwiftUIMVIUITests;
				PRODUCT_NAME = "$(TARGET_NAME)";
				SWIFT_EMIT_LOC_STRINGS = NO;
				SWIFT_VERSION = 5.0;
				TARGETED_DEVICE_FAMILY = "1,2";
				TEST_TARGET_NAME = SwiftUIMVI;
			};
			name = Debug;
		};
		2A14EB262A5892E400CF2E6A /* Release */ = {
			isa = XCBuildConfiguration;
			buildSettings = {
				ALWAYS_EMBED_SWIFT_STANDARD_LIBRARIES = YES;
				CODE_SIGN_STYLE = Automatic;
				CURRENT_PROJECT_VERSION = 1;
				DEVELOPMENT_TEAM = DY95X747ZU;
				GENERATE_INFOPLIST_FILE = YES;
				MARKETING_VERSION = 1.0;
				PRODUCT_BUNDLE_IDENTIFIER = com.alessandromanni.SwiftUIMVIUITests;
				PRODUCT_NAME = "$(TARGET_NAME)";
				SWIFT_EMIT_LOC_STRINGS = NO;
				SWIFT_VERSION = 5.0;
				TARGETED_DEVICE_FAMILY = "1,2";
				TEST_TARGET_NAME = SwiftUIMVI;
			};
			name = Release;
		};
/* End XCBuildConfiguration section */

/* Begin XCConfigurationList section */
		2A14EAF52A5892E300CF2E6A /* Build configuration list for PBXProject "SwiftUIMVI" */ = {
			isa = XCConfigurationList;
			buildConfigurations = (
				2A14EB1C2A5892E400CF2E6A /* Debug */,
				2A14EB1D2A5892E400CF2E6A /* Release */,
			);
			defaultConfigurationIsVisible = 0;
			defaultConfigurationName = Release;
		};
		2A14EB1E2A5892E400CF2E6A /* Build configuration list for PBXNativeTarget "SwiftUIMVI" */ = {
			isa = XCConfigurationList;
			buildConfigurations = (
				2A14EB1F2A5892E400CF2E6A /* Debug */,
				2A14EB202A5892E400CF2E6A /* Release */,
			);
			defaultConfigurationIsVisible = 0;
			defaultConfigurationName = Release;
		};
		2A14EB212A5892E400CF2E6A /* Build configuration list for PBXNativeTarget "SwiftUIMVITests" */ = {
			isa = XCConfigurationList;
			buildConfigurations = (
				2A14EB222A5892E400CF2E6A /* Debug */,
				2A14EB232A5892E400CF2E6A /* Release */,
			);
			defaultConfigurationIsVisible = 0;
			defaultConfigurationName = Release;
		};
		2A14EB242A5892E400CF2E6A /* Build configuration list for PBXNativeTarget "SwiftUIMVIUITests" */ = {
			isa = XCConfigurationList;
			buildConfigurations = (
				2A14EB252A5892E400CF2E6A /* Debug */,
				2A14EB262A5892E400CF2E6A /* Release */,
			);
			defaultConfigurationIsVisible = 0;
			defaultConfigurationName = Release;
		};
/* End XCConfigurationList section */
	};
	rootObject = 2A14EAF22A5892E300CF2E6A /* Project object */;
}
